github.com/mdp/qrterminal/v3 v3.1.1 h1:cIPwg3QU0OIm9+ce/lRfWXhPwEjOSKwk3HBwL3HBTyc=
github.com/mdp/qrterminal/v3 v3.1.1/go.mod h1:5lJlXe7Jdr8wlPDdcsJttv1/knsRgzXASyr4dcGZqNU=
rsc.io/qr v0.2.0 h1:6vBLea5/NRMVTz8V66gipeLycZMl/+UlFmk8DvqQ6WY=
rsc.io/qr v0.2.0/go.mod h1:IF+uZjkb9fqyeF/4tlBoynqmQxUoPfWEKh921coOuXs=
